
Microsoft Visual Studio Solution File, Format Version 12.00
# Visual Studio 15
VisualStudioVersion = 15.0.28010.2048
MinimumVisualStudioVersion = 10.0.40219.1
Project("{FAE04EC0-301F-11D3-BF4B-00C04F79EFBC}") = "Entidades", "Entidades\Entidades.csproj", "{AA8FA528-E37E-4B66-9B8F-164ACD5B4B0D}"
EndProject
Project("{FAE04EC0-301F-11D3-BF4B-00C04F79EFBC}") = "MainCorreo", "MainCorreo\MainCorreo.csproj", "{DE2DDFED-1D21-4560-B8CA-58DEF34EBFE7}"
EndProject
Project("{FAE04EC0-301F-11D3-BF4B-00C04F79EFBC}") = "UnitTestTP4", "UnitTestTP4\UnitTestTP4.csproj", "{38C2C246-DA27-4DBC-9945-83CB4AE0040B}"
EndProject
Global
	GlobalSection(SolutionConfigurationPlatforms) = preSolution
		Debug|Any CPU = Debug|Any CPU
		Release|Any CPU = Release|Any CPU
	EndGlobalSection
	GlobalSection(ProjectConfigurationPlatforms) = postSolution
		{AA8FA528-E37E-4B66-9B8F-164ACD5B4B0D}.Debug|Any CPU.ActiveCfg = Debug|Any CPU
		{AA8FA528-E37E-4B66-9B8F-164ACD5B4B0D}.Debug|Any CPU.Build.0 = Debug|Any CPU
		{AA8FA528-E37E-4B66-9B8F-164ACD5B4B0D}.Release|Any CPU.ActiveCfg = Release|Any CPU
		{AA8FA528-E37E-4B66-9B8F-164ACD5B4B0D}.Release|Any CPU.Build.0 = Release|Any CPU
		{DE2DDFED-1D21-4560-B8CA-58DEF34EBFE7}.Debug|Any CPU.ActiveCfg = Debug|Any CPU
		{DE2DDFED-1D21-4560-B8CA-58DEF34EBFE7}.Debug|Any CPU.Build.0 = Debug|Any CPU
		{DE2DDFED-1D21-4560-B8CA-58DEF34EBFE7}.Release|Any CPU.ActiveCfg = Release|Any CPU
		{DE2DDFED-1D21-4560-B8CA-58DEF34EBFE7}.Release|Any CPU.Build.0 = Release|Any CPU
		{38C2C246-DA27-4DBC-9945-83CB4AE0040B}.Debug|Any CPU.ActiveCfg = Debug|Any CPU
		{38C2C246-DA27-4DBC-9945-83CB4AE0040B}.Debug|Any CPU.Build.0 = Debug|Any CPU
		{38C2C246-DA27-4DBC-9945-83CB4AE0040B}.Release|Any CPU.ActiveCfg = Release|Any CPU
		{38C2C246-DA27-4DBC-9945-83CB4AE0040B}.Release|Any CPU.Build.0 = Release|Any CPU
	EndGlobalSection
	GlobalSection(SolutionProperties) = preSolution
		HideSolutionNode = FALSE
	EndGlobalSection
	GlobalSection(ExtensibilityGlobals) = postSolution
		SolutionGuid = {677C01B3-497E-4B38-9F7D-A12081909C3A}
	EndGlobalSection
EndGlobal
